// !$*UTF8*$!
{
	archiveVersion = 1;
	classes = {
	};
	objectVersion = 46;
	objects = {

/* Begin PBXBuildFile section */
		2E6CC1EE1E903B69009588ED /* exportPrefs.m in Sources */ = {isa = PBXBuildFile; fileRef = 2E6CC1ED1E903B69009588ED /* exportPrefs.m */; };
/* End PBXBuildFile section */

/* Begin PBXFileReference section */
		2E6CC1E31E903AF2009588ED /* exportPrefs */ = {isa = PBXFileReference; explicitFileType = "compiled.mach-o.executable"; includeInIndex = 0; path = exportPrefs; sourceTree = BUILT_PRODUCTS_DIR; };
		2E6CC1ED1E903B69009588ED /* exportPrefs.m */ = {isa = PBXFileReference; fileEncoding = 4; lastKnownFileType = sourcecode.c.objc; path = exportPrefs.m; sourceTree = "<group>"; };
/* End PBXFileReference section */

/* Begin PBXFrameworksBuildPhase section */
		2E6CC1E01E903AF2009588ED /* Frameworks */ = {
			isa = PBXFrameworksBuildPhase;
			buildActionMask = 2147483647;
			files = (
			);
			runOnlyForDeploymentPostprocessing = 0;
		};
/* End PBXFrameworksBuildPhase section */

/* Begin PBXGroup section */
		2E6CC1DA1E903AF2009588ED = {
			isa = PBXGroup;
			children = (
				2E6CC1E51E903AF2009588ED /* Acapella3_DefaultPreferencesExporter */,
				2E6CC1E41E903AF2009588ED /* Products */,
			);
			sourceTree = "<group>";
		};
		2E6CC1E41E903AF2009588ED /* Products */ = {
			isa = PBXGroup;
			children = (
				2E6CC1E31E903AF2009588ED /* exportPrefs */,
			);
			name = Products;
			sourceTree = "<group>";
		};
		2E6CC1E51E903AF2009588ED /* Acapella3_DefaultPreferencesExporter */ = {
			isa = PBXGroup;
			children = (
				2E6CC1ED1E903B69009588ED /* exportPrefs.m */,
			);
			path = Acapella3_DefaultPreferencesExporter;
			sourceTree = "<group>";
		};
/* End PBXGroup section */

/* Begin PBXNativeTarget section */
		2E6CC1E21E903AF2009588ED /* exportPrefs */ = {
			isa = PBXNativeTarget;
			buildConfigurationList = 2E6CC1EA1E903AF2009588ED /* Build configuration list for PBXNativeTarget "exportPrefs" */;
			buildPhases = (
				2E6CC1DF1E903AF2009588ED /* Sources */,
				2E6CC1E01E903AF2009588ED /* Frameworks */,
				2E6CC1F01E903BE2009588ED /* ShellScript */,
			);
			buildRules = (
			);
			dependencies = (
			);
			name = exportPrefs;
			productName = Acapella3_DefaultPreferencesExporter;
			productReference = 2E6CC1E31E903AF2009588ED /* exportPrefs */;
			productType = "com.apple.product-type.tool";
		};
/* End PBXNativeTarget section */

/* Begin PBXProject section */
		2E6CC1DB1E903AF2009588ED /* Project object */ = {
			isa = PBXProject;
			attributes = {
				LastUpgradeCheck = 0820;
				ORGANIZATIONNAME = patsluth;
				TargetAttributes = {
					2E6CC1E21E903AF2009588ED = {
						CreatedOnToolsVersion = 8.2.1;
						DevelopmentTeam = KZ3284WPA2;
						ProvisioningStyle = Automatic;
					};
				};
			};
			buildConfigurationList = 2E6CC1DE1E903AF2009588ED /* Build configuration list for PBXProject "Acapella3_DefaultPreferencesExporter" */;
			compatibilityVersion = "Xcode 3.2";
			developmentRegion = English;
			hasScannedForEncodings = 0;
			knownRegions = (
				en,
			);
			mainGroup = 2E6CC1DA1E903AF2009588ED;
			productRefGroup = 2E6CC1E41E903AF2009588ED /* Products */;
			projectDirPath = "";
			projectRoot = "";
			targets = (
				2E6CC1E21E903AF2009588ED /* exportPrefs */,
			);
		};
/* End PBXProject section */

/* Begin PBXShellScriptBuildPhase section */
		2E6CC1F01E903BE2009588ED /* ShellScript */ = {
			isa = PBXShellScriptBuildPhase;
			buildActionMask = 2147483647;
			files = (
			);
			inputPaths = (
			);
			outputPaths = (
			);
			runOnlyForDeploymentPostprocessing = 0;
			shellPath = /bin/sh;
			shellScript = "";
		};
/* End PBXShellScriptBuildPhase section */

/* Begin PBXSourcesBuildPhase section */
		2E6CC1DF1E903AF2009588ED /* Sources */ = {
			isa = PBXSourcesBuildPhase;
			buildActionMask = 2147483647;
			files = (
				2E6CC1EE1E903B69009588ED /* exportPrefs.m in Sources */,
			);
			runOnlyForDeploymentPostprocessing = 0;
		};
/* End PBXSourcesBuildPhase section */

/* Begin XCBuildConfiguration section */
		2E6CC1E81E903AF2009588ED /* Debug */ = {
			isa = XCBuildConfiguration;
			buildSettings = {
				ALWAYS_SEARCH_USER_PATHS = NO;
				CLANG_ANALYZER_NONNULL = YES;
				CLANG_CXX_LANGUAGE_STANDARD = "gnu++0x";
				CLANG_CXX_LIBRARY = "libc++";
				CLANG_ENABLE_MODULES = YES;
				CLANG_ENABLE_OBJC_ARC = YES;
				CLANG_WARN_BOOL_CONVERSION = YES;
				CLANG_WARN_CONSTANT_CONVERSION = YES;
				CLANG_WARN_DIRECT_OBJC_ISA_USAGE = YES_ERROR;
				CLANG_WARN_DOCUMENTATION_COMMENTS = YES;
				CLANG_WARN_EMPTY_BODY = YES;
				CLANG_WARN_ENUM_CONVERSION = YES;
				CLANG_WARN_INFINITE_RECURSION = YES;
				CLANG_WARN_INT_CONVERSION = YES;
				CLANG_WARN_OBJC_ROOT_CLASS = YES_ERROR;
				CLANG_WARN_SUSPICIOUS_MOVE = YES;
				CLANG_WARN_UNREACHABLE_CODE = YES;
				CLANG_WARN__DUPLICATE_METHOD_MATCH = YES;
				CODE_SIGN_IDENTITY = "-";
				COPY_PHASE_STRIP = NO;
				DEBUG_INFORMATION_FORMAT = dwarf;
				ENABLE_STRICT_OBJC_MSGSEND = YES;
				ENABLE_TESTABILITY = YES;
				GCC_C_LANGUAGE_STANDARD = gnu99;
				GCC_DYNAMIC_NO_PIC = NO;
				GCC_NO_COMMON_BLOCKS = YES;
				GCC_OPTIMIZATION_LEVEL = 0;
				GCC_PREPROCESSOR_DEFINITIONS = (
					"DEBUG=1",
					"$(inherited)",
				);
				GCC_WARN_64_TO_32_BIT_CONVERSION = YES;
				GCC_WARN_ABOUT_RETURN_TYPE = YES_ERROR;
				GCC_WARN_UNDECLARED_SELECTOR = YES;
				GCC_WARN_UNINITIALIZED_AUTOS = YES_AGGRESSIVE;
				GCC_WARN_UNUSED_FUNCTION = YES;
				GCC_WARN_UNUSED_VARIABLE = YES;
				MACOSX_DEPLOYMENT_TARGET = 10.12;
				MTL_ENABLE_DEBUG_INFO = YES;
				ONLY_ACTIVE_ARCH = YES;
				SDKROOT = macosx;
			};
			name = Debug;
		};
		2E6CC1E91E903AF2009588ED /* Release */ = {
			isa = XCBuildConfiguration;
			buildSettings = {
				ALWAYS_SEARCH_USER_PATHS = NO;
				CLANG_ANALYZER_NONNULL = YES;
				CLANG_CXX_LANGUAGE_STANDARD = "gnu++0x";
				CLANG_CXX_LIBRARY = "libc++";
				CLANG_ENABLE_MODULES = YES;
				CLANG_ENABLE_OBJC_ARC = YES;
				CLANG_WARN_BOOL_CONVERSION = YES;
				CLANG_WARN_CONSTANT_CONVERSION = YES;
				CLANG_WARN_DIRECT_OBJC_ISA_USAGE = YES_ERROR;
				CLANG_WARN_DOCUMENTATION_COMMENTS = YES;
				CLANG_WARN_EMPTY_BODY = YES;
				CLANG_WARN_ENUM_CONVERSION = YES;
				CLANG_WARN_INFINITE_RECURSION = YES;
				CLANG_WARN_INT_CONVERSION = YES;
				CLANG_WARN_OBJC_ROOT_CLASS = YES_ERROR;
				CLANG_WARN_SUSPICIOUS_MOVE = YES;
				CLANG_WARN_UNREACHABLE_CODE = YES;
				CLANG_WARN__DUPLICATE_METHOD_MATCH = YES;
				CODE_SIGN_IDENTITY = "-";
				COPY_PHASE_STRIP = NO;
				DEBUG_INFORMATION_FORMAT = "dwarf-with-dsym";
				ENABLE_NS_ASSERTIONS = NO;
				ENABLE_STRICT_OBJC_MSGSEND = YES;
				GCC_C_LANGUAGE_STANDARD = gnu99;
				GCC_NO_COMMON_BLOCKS = YES;
				GCC_WARN_64_TO_32_BIT_CONVERSION = YES;
				GCC_WARN_ABOUT_RETURN_TYPE = YES_ERROR;
				GCC_WARN_UNDECLARED_SELECTOR = YES;
				GCC_WARN_UNINITIALIZED_AUTOS = YES_AGGRESSIVE;
				GCC_WARN_UNUSED_FUNCTION = YES;
				GCC_WARN_UNUSED_VARIABLE = YES;
				MACOSX_DEPLOYMENT_TARGET = 10.12;
				MTL_ENABLE_DEBUG_INFO = NO;
				SDKROOT = macosx;
			};
			name = Release;
		};
		2E6CC1EB1E903AF2009588ED /* Debug */ = {
			isa = XCBuildConfiguration;
			buildSettings = {
				DEVELOPMENT_TEAM = KZ3284WPA2;
				PRODUCT_NAME = "$(TARGET_NAME)";
			};
			name = Debug;
		};
		2E6CC1EC1E903AF2009588ED /* Release */ = {
			isa = XCBuildConfiguration;
			buildSettings = {
				DEVELOPMENT_TEAM = KZ3284WPA2;
				PRODUCT_NAME = "$(TARGET_NAME)";
			};
			name = Release;
		};
/* End XCBuildConfiguration section */

/* Begin XCConfigurationList section */
		2E6CC1DE1E903AF2009588ED /* Build configuration list for PBXProject "Acapella3_DefaultPreferencesExporter" */ = {
			isa = XCConfigurationList;
			buildConfigurations = (
				2E6CC1E81E903AF2009588ED /* Debug */,
				2E6CC1E91E903AF2009588ED /* Release */,
			);
			defaultConfigurationIsVisible = 0;
			defaultConfigurationName = Release;
		};
		2E6CC1EA1E903AF2009588ED /* Build configuration list for PBXNativeTarget "exportPrefs" */ = {
			isa = XCConfigurationList;
			buildConfigurations = (
				2E6CC1EB1E903AF2009588ED /* Debug */,
				2E6CC1EC1E903AF2009588ED /* Release */,
			);
			defaultConfigurationIsVisible = 0;
		};
/* End XCConfigurationList section */
	};
	rootObject = 2E6CC1DB1E903AF2009588ED /* Project object */;
}
